
Microsoft Visual Studio Solution File, Format Version 12.00
# Visual Studio Version 16
VisualStudioVersion = 16.0.29806.167
MinimumVisualStudioVersion = 10.0.40219.1
Project("{FAE04EC0-301F-11D3-BF4B-00C04F79EFBC}") = "TodoApi", "TodoApi\TodoApi.csproj", "{B09C1BAF-AD07-46BD-989D-D1BC200DA120}"
EndProject
Global
	GlobalSection(SolutionConfigurationPlatforms) = preSolution
		Debug|Any CPU = Debug|Any CPU
		Release|Any CPU = Release|Any CPU
	EndGlobalSection
	GlobalSection(ProjectConfigurationPlatforms) = postSolution
		{B09C1BAF-AD07-46BD-989D-D1BC200DA120}.Debug|Any CPU.ActiveCfg = Debug|Any CPU
		{B09C1BAF-AD07-46BD-989D-D1BC200DA120}.Debug|Any CPU.Build.0 = Debug|Any CPU
		{B09C1BAF-AD07-46BD-989D-D1BC200DA120}.Release|Any CPU.ActiveCfg = Release|Any CPU
		{B09C1BAF-AD07-46BD-989D-D1BC200DA120}.Release|Any CPU.Build.0 = Release|Any CPU
	EndGlobalSection
	GlobalSection(SolutionProperties) = preSolution
		HideSolutionNode = FALSE
	EndGlobalSection
	GlobalSection(ExtensibilityGlobals) = postSolution
		SolutionGuid = {A5F53B70-594D-47F9-9F3C-229FAB58DA19}
	EndGlobalSection
EndGlobal
